# This file is autogenerated, do not edit; changes may be undone by the next 'dep ensure'.


[[projects]]
  branch = "master"
  name = "github.com/NYTimes/gziphandler"
  packages = ["."]
  revision = "97ae7fbaf81620fe97840685304a78a306a39c64"

[[projects]]
  branch = "master"
  name = "github.com/alecthomas/template"
  packages = [".","parse"]
  revision = "a0175ee3bccc567396460bf5acd36800cb10c49c"

[[projects]]
  branch = "master"
  name = "github.com/alecthomas/units"
  packages = ["."]
  revision = "2efee857e7cfd4f3d0138cc3cbb1b4966962b93a"

[[projects]]
  name = "github.com/apex/go-apex"
  packages = ["."]
  revision = "338ee0137bc07a472789968021e66c5df905fc26"
  version = "v1.0.0"

[[projects]]
  name = "github.com/apex/log"
  packages = [".","handlers/cli","handlers/delta","handlers/json"]
  revision = "0296d6eb16bb28f8a0c55668affcf4876dc269be"
  version = "v1.0.0"

[[projects]]
  branch = "master"
  name = "github.com/atotto/clipboard"
  packages = ["."]
  revision = "bb272b845f1112e10117e3e45ce39f690c0001ad"

[[projects]]
  name = "github.com/aws/aws-sdk-go"
  packages = ["aws","aws/awserr","aws/awsutil","aws/client","aws/client/metadata","aws/corehandlers","aws/credentials","aws/credentials/ec2rolecreds","aws/credentials/endpointcreds","aws/credentials/stscreds","aws/defaults","aws/ec2metadata","aws/endpoints","aws/request","aws/session","aws/signer/v4","internal/shareddefaults","private/protocol","private/protocol/json/jsonutil","private/protocol/jsonrpc","private/protocol/query","private/protocol/query/queryutil","private/protocol/rest","private/protocol/restjson","private/protocol/restxml","private/protocol/xml/xmlutil","service/acm","service/apigateway","service/cloudformation","service/cloudwatch","service/cloudwatchlogs","service/cloudwatchlogs/cloudwatchlogsiface","service/iam","service/lambda","service/route53","service/route53domains","service/s3","service/s3/s3iface","service/s3/s3manager","service/sts"]
  revision = "044a61f1536640ce1def6088c0914f5905990202"
  version = "v1.12.12"

[[projects]]
  branch = "master"
  name = "github.com/aybabtme/rgbterm"
  packages = ["."]
  revision = "cc83f3b3ce5911279513a46d6d3316d67bedaa54"

[[projects]]
  branch = "master"
  name = "github.com/buger/goterm"
  packages = ["."]
  revision = "d443b9114f9c050367638a536310fbec36a0de11"

[[projects]]
  branch = "master"
  name = "github.com/c4milo/unpackit"
  packages = ["."]
  revision = "4ed373e9ef1c895fe04468d813cb628902d89a0a"

[[projects]]
  branch = "master"
  name = "github.com/danwakefield/fnmatch"
  packages = ["."]
  revision = "cbb64ac3d964b81592e64f957ad53df015803288"

[[projects]]
  name = "github.com/davecgh/go-spew"
  packages = ["spew"]
  revision = "346938d642f2ec3594ed81d874461961cd0faa76"
  version = "v1.1.0"

[[projects]]
  branch = "master"
  name = "github.com/dchest/uniuri"
  packages = ["."]
  revision = "8902c56451e9b58ff940bbe5fec35d5f9c04584a"

[[projects]]
  branch = "master"
  name = "github.com/denormal/go-gitignore"
  packages = ["."]
  revision = "40de3d33f668ddbbd085106ba0bbf5e415709879"

[[projects]]
  branch = "master"
  name = "github.com/dsnet/compress"
  packages = [".","bzip2","bzip2/internal/sais","internal","internal/errors","internal/prefix"]
  revision = "c4dbed65594871659ea7347a85e1b8dcd97b9990"

[[projects]]
  branch = "master"
  name = "github.com/dustin/go-humanize"
  packages = ["."]
  revision = "77ed807830b4df581417e7f89eb81d4872832b72"

[[projects]]
  branch = "master"
  name = "github.com/facebookgo/freeport"
  packages = ["."]
  revision = "d4adf43b75b9357dc7775f033e807a3411591522"

[[projects]]
  branch = "master"
  name = "github.com/fanyang01/radix"
  packages = ["."]
  revision = "e1747dd9eeac7d825ec35e8aa135f5413c2b2763"

[[projects]]
  name = "github.com/go-ini/ini"
  packages = ["."]
  revision = "5b3e00af70a9484542169a976dcab8d03e601a17"
  version = "v1.30.0"

[[projects]]
  branch = "master"
  name = "github.com/golang/sync"
  packages = ["errgroup"]
  revision = "8e0aa688b654ef28caa72506fa5ec8dba9fc7690"

[[projects]]
  branch = "master"
  name = "github.com/google/go-github"
  packages = ["github"]
  revision = "a021c14a5f1960591b0e1773a4a2ef8257ec93b8"

[[projects]]
  branch = "master"
  name = "github.com/google/go-querystring"
  packages = ["query"]
  revision = "53e6ce116135b80d037921a7fdd5138cf32d7a8a"

[[projects]]
  branch = "master"
  name = "github.com/hashicorp/go-uuid"
  packages = ["."]
  revision = "64130c7a86d732268a38cb04cfbaf0cc987fda98"

[[projects]]
  branch = "master"
  name = "github.com/howeyc/gopass"
  packages = ["."]
  revision = "bf9dde6d0d2c004a008c27aaee91170c786f6db8"

[[projects]]
  branch = "master"
  name = "github.com/jehiah/go-strftime"
  packages = ["."]
  revision = "2efbe75097a505e2789f7e39cb9da067b5be8e3e"

[[projects]]
  name = "github.com/jmespath/go-jmespath"
  packages = ["."]
  revision = "0b12d6b5"

[[projects]]
  name = "github.com/klauspost/compress"
  packages = ["flate","zip"]
  revision = "6c8db69c4b49dd4df1fff66996cf556176d0b9bf"
  version = "v1.2.1"

[[projects]]
  name = "github.com/klauspost/cpuid"
  packages = ["."]
  revision = "ae7887de9fa5d2db4eaa8174a7eff2c1ac00f2da"
  version = "v1.1"

[[projects]]
  name = "github.com/klauspost/crc32"
  packages = ["."]
  revision = "cb6bfca970f6908083f26f39a79009d608efd5cd"
  version = "v1.1"

[[projects]]
  name = "github.com/klauspost/pgzip"
  packages = ["."]
  revision = "0bf5dcad4ada2814c3c00f996a982270bb81a506"
  version = "v1.1"

[[projects]]
  name = "github.com/mattn/go-colorable"
  packages = ["."]
  revision = "167de6bfdfba052fa6b2d3664c8f5272e23c9072"
  version = "v0.0.9"

[[projects]]
  name = "github.com/mattn/go-isatty"
  packages = ["."]
  revision = "0360b2af4f38e8d38c7fce2a9f4e702702d73a39"
  version = "v0.0.3"

[[projects]]
  branch = "master"
  name = "github.com/mgutz/ansi"
  packages = ["."]
  revision = "9520e82c474b0a04dd04f8a40959027271bab992"

[[projects]]
  branch = "master"
  name = "github.com/mitchellh/go-homedir"
  packages = ["."]
  revision = "b8bc1bf767474819792c23f32d8286a45736f1c6"

[[projects]]
  branch = "master"
  name = "github.com/pascaldekloe/name"
  packages = ["."]
  revision = "81013e77fe79dad5d5d9592e0147e0af254ec583"

[[projects]]
  branch = "master"
  name = "github.com/pkg/browser"
  packages = ["."]
  revision = "c90ca0c84f15f81c982e32665bffd8d7aac8f097"

[[projects]]
  name = "github.com/pkg/errors"
  packages = ["."]
  revision = "645ef00459ed84a119197bfb8d8205042c6df63d"
  version = "v0.8.0"

[[projects]]
  name = "github.com/pmezard/go-difflib"
  packages = ["difflib"]
  revision = "792786c7400a136282c1664665ae0a8db921c6c2"
  version = "v1.0.0"

[[projects]]
  name = "github.com/rs/cors"
  packages = ["."]
  revision = "7af7a1e09ba336d2ea14b1ce73bf693c6837dbf6"
  version = "v1.2"

[[projects]]
  name = "github.com/segmentio/analytics-go"
  packages = ["."]
  revision = "2d840d861c322bdf5346ba7917af1c2285e653d3"
  version = "2.1.1"

[[projects]]
  branch = "master"
  name = "github.com/segmentio/backo-go"
  packages = ["."]
  revision = "204274ad699c0983a70203a566887f17a717fef4"

[[projects]]
  name = "github.com/stretchr/testify"
  packages = ["assert"]
  revision = "69483b4bd14f5845b5a1e55bca19e954e827f1d0"
  version = "v1.1.4"

[[projects]]
  branch = "master"
  name = "github.com/timewasted/go-accept-headers"
  packages = ["."]
  revision = "c78f304b1b09181c0a2de98d15f5279514413f7b"

[[projects]]
  branch = "master"
  name = "github.com/tj/assert"
  packages = ["."]
  revision = "748ebc778a698c0df0eb9855caf3ef677ed99471"

[[projects]]
  name = "github.com/tj/backoff"
  packages = ["."]
  revision = "1560017ae58934ab41c8393558fd179d7305941f"
  version = "v1.0.0"

[[projects]]
  name = "github.com/tj/go"
  packages = ["clipboard","term"]
  revision = "e8bb76359e4c18d5bc28f4aefb383f9cf9f5d573"
  version = "v1.0.0"

[[projects]]
  name = "github.com/tj/go-archive"
  packages = ["."]
  revision = "431234e4cffac72ca50189b665af1a3a219a9614"
  version = "v1.0.2"

[[projects]]
  branch = "master"
  name = "github.com/tj/go-cli-analytics"
  packages = ["."]
  revision = "d5b3ab7d8e88e2b8997b369f725a2cd425994c6d"

[[projects]]
  branch = "master"
  name = "github.com/tj/go-headers"
  packages = ["."]
  revision = "711a635412cafc9023e68c8ec384164219cb9649"

[[projects]]
  branch = "master"
  name = "github.com/tj/go-progress"
  packages = ["."]
  revision = "9a6afd4e6278b44269c012a913f910c5de98c734"

[[projects]]
  name = "github.com/tj/go-prompt"
  packages = ["."]
  revision = "0d6b6628b949eeb2e85fd0ab97152656cd3d2d0e"
  version = "v1.3.0"

[[projects]]
  name = "github.com/tj/go-spin"
  packages = ["."]
  revision = "30574f5fadef1aa5c61d4c42e936785af9f03ada"
  version = "v1.1.0"

[[projects]]
  name = "github.com/tj/go-update"
  packages = ["."]
  revision = "8831a6e7cfe17e95cc0e3cffdb541518e5985927"
  version = "v1.0.0"

[[projects]]
  name = "github.com/tj/kingpin"
  packages = ["."]
  revision = "bb405bcf7289b9234e0f89b8703435a8b4c8cdf8"
  version = "v2.4.3"

[[projects]]
  name = "github.com/tj/survey"
  packages = [".","core","terminal"]
  revision = "cc8db15e46206f2e66b067af4943028d40c41de7"
  version = "v2.0.2"

[[projects]]
  name = "github.com/ulikunitz/xz"
  packages = [".","internal/hash","internal/xlog","lzma"]
  revision = "0c6b41e72360850ca4f98dc341fd999726ea007f"
  version = "v0.5.4"

[[projects]]
  branch = "master"
  name = "github.com/xtgo/uuid"
  packages = ["."]
  revision = "a0b114877d4caeffbd7f87e3757c17fce570fea7"

[[projects]]
  branch = "master"
  name = "golang.org/x/crypto"
  packages = ["ssh/terminal"]
  revision = "ed5229da99e3a6df35c756cd64b6982d19505d86"

[[projects]]
  branch = "master"
  name = "golang.org/x/net"
  packages = ["context"]
  revision = "1087133bc4af3073e18add999345c6ae75918503"

[[projects]]
  branch = "master"
  name = "golang.org/x/sys"
  packages = ["unix","windows"]
  revision = "8dbc5d05d6edcc104950cc299a1ce6641235bc86"

[solve-meta]
  analyzer-name = "dep"
  analyzer-version = 1
  inputs-digest = "212a883f3968a45758b678968bdb86fe042b96ff9a393516363370a9185e09d6"
  solver-name = "gps-cdcl"
  solver-version = 1
